
Microsoft Visual Studio Solution File, Format Version 12.00
# Visual Studio Version 16
VisualStudioVersion = 16.0.30523.141
MinimumVisualStudioVersion = 10.0.40219.1
Project("{FAE04EC0-301F-11D3-BF4B-00C04F79EFBC}") = "Person", "Person\Person.csproj", "{308D55F5-F7E4-47FE-A8FC-E91F8E596FB2}"
EndProject
Global
	GlobalSection(SolutionConfigurationPlatforms) = preSolution
		Debug|Any CPU = Debug|Any CPU
		Release|Any CPU = Release|Any CPU
	EndGlobalSection
	GlobalSection(ProjectConfigurationPlatforms) = postSolution
		{308D55F5-F7E4-47FE-A8FC-E91F8E596FB2}.Debug|Any CPU.ActiveCfg = Debug|Any CPU
		{308D55F5-F7E4-47FE-A8FC-E91F8E596FB2}.Debug|Any CPU.Build.0 = Debug|Any CPU
		{308D55F5-F7E4-47FE-A8FC-E91F8E596FB2}.Release|Any CPU.ActiveCfg = Release|Any CPU
		{308D55F5-F7E4-47FE-A8FC-E91F8E596FB2}.Release|Any CPU.Build.0 = Release|Any CPU
	EndGlobalSection
	GlobalSection(SolutionProperties) = preSolution
		HideSolutionNode = FALSE
	EndGlobalSection
	GlobalSection(ExtensibilityGlobals) = postSolution
		SolutionGuid = {C139F890-AC90-4EB0-A1C8-4B5D15D4C7ED}
	EndGlobalSection
EndGlobal
